
Microsoft Visual Studio Solution File, Format Version 12.00
# Visual Studio 15
VisualStudioVersion = 15.0.26228.12
MinimumVisualStudioVersion = 10.0.40219.1
Project("{FAE04EC0-301F-11D3-BF4B-00C04F79EFBC}") = "ISEFront", "ISEFront\ISEFront.csproj", "{02A07970-FD6D-4A19-B145-18197130E393}"
EndProject
Project("{FAE04EC0-301F-11D3-BF4B-00C04F79EFBC}") = "ISEFront.Tests", "ISEFront.Tests\ISEFront.Tests.csproj", "{6AD486FF-6DE1-47CC-9681-DCE8F79A2999}"
EndProject
Project("{FAE04EC0-301F-11D3-BF4B-00C04F79EFBC}") = "CiscoISE", "CiscoISE\CiscoISE.csproj", "{6BDF5788-CD1C-4C64-B29A-3A809DC1C1F1}"
EndProject
Project("{FAE04EC0-301F-11D3-BF4B-00C04F79EFBC}") = "CiscoISE.Tests", "CiscoISE.Tests\CiscoISE.Tests.csproj", "{5D04B894-229A-4F4A-9A51-24F0707C9DCE}"
EndProject
Global
	GlobalSection(SolutionConfigurationPlatforms) = preSolution
		Debug|Any CPU = Debug|Any CPU
		Release|Any CPU = Release|Any CPU
	EndGlobalSection
	GlobalSection(ProjectConfigurationPlatforms) = postSolution
		{02A07970-FD6D-4A19-B145-18197130E393}.Debug|Any CPU.ActiveCfg = Debug|Any CPU
		{02A07970-FD6D-4A19-B145-18197130E393}.Debug|Any CPU.Build.0 = Debug|Any CPU
		{02A07970-FD6D-4A19-B145-18197130E393}.Release|Any CPU.ActiveCfg = Release|Any CPU
		{02A07970-FD6D-4A19-B145-18197130E393}.Release|Any CPU.Build.0 = Release|Any CPU
		{6AD486FF-6DE1-47CC-9681-DCE8F79A2999}.Debug|Any CPU.ActiveCfg = Debug|Any CPU
		{6AD486FF-6DE1-47CC-9681-DCE8F79A2999}.Debug|Any CPU.Build.0 = Debug|Any CPU
		{6AD486FF-6DE1-47CC-9681-DCE8F79A2999}.Release|Any CPU.ActiveCfg = Release|Any CPU
		{6AD486FF-6DE1-47CC-9681-DCE8F79A2999}.Release|Any CPU.Build.0 = Release|Any CPU
		{6BDF5788-CD1C-4C64-B29A-3A809DC1C1F1}.Debug|Any CPU.ActiveCfg = Debug|Any CPU
		{6BDF5788-CD1C-4C64-B29A-3A809DC1C1F1}.Debug|Any CPU.Build.0 = Debug|Any CPU
		{6BDF5788-CD1C-4C64-B29A-3A809DC1C1F1}.Release|Any CPU.ActiveCfg = Release|Any CPU
		{6BDF5788-CD1C-4C64-B29A-3A809DC1C1F1}.Release|Any CPU.Build.0 = Release|Any CPU
		{5D04B894-229A-4F4A-9A51-24F0707C9DCE}.Debug|Any CPU.ActiveCfg = Debug|Any CPU
		{5D04B894-229A-4F4A-9A51-24F0707C9DCE}.Debug|Any CPU.Build.0 = Debug|Any CPU
		{5D04B894-229A-4F4A-9A51-24F0707C9DCE}.Release|Any CPU.ActiveCfg = Release|Any CPU
		{5D04B894-229A-4F4A-9A51-24F0707C9DCE}.Release|Any CPU.Build.0 = Release|Any CPU
	EndGlobalSection
	GlobalSection(SolutionProperties) = preSolution
		HideSolutionNode = FALSE
	EndGlobalSection
EndGlobal
